{
  "version": 4,
  "terraform_version": "1.14.3",
  "serial": 215,
  "lineage": "56023511-4f2f-23bf-4a02-6caa32da331f",
  "outputs": {
    "infra_ip": {
      "value": "192.168.122.230",
      "type": "string"
    },
    "worker_count": {
      "value": 1,
      "type": "number"
    },
    "worker_ips": {
      "value": {
        "k3s-worker-2": "pending"
      },
      "type": [
        "object",
        {
          "k3s-worker-2": "string"
        }
      ]
    },
    "worker_names": {
      "value": [
        "k3s-worker-2"
      ],
      "type": [
        "tuple",
        [
          "string"
        ]
      ]
    }
  },
  "resources": [
    {
      "mode": "managed",
      "type": "libvirt_cloudinit_disk",
      "name": "commoninit",
      "provider": "provider[\"registry.terraform.io/dmacvicar/libvirt\"]",
      "instances": [
        {
          "index_key": 0,
          "schema_version": 0,
          "attributes": {
            "id": "/var/lib/libvirt/images/k3s-worker-2-cloudinit.iso;e681865e-5532-4961-9a22-1e03bf3ac650",
            "meta_data": "",
            "name": "k3s-worker-2-cloudinit.iso",
            "network_config": "version: 2\nethernets:\n  ens3:\n    dhcp4: false\n    addresses:\n      - 192.168.122.221/24\n    routes:\n      - to: default\n        via: 192.168.122.1\n    nameservers:\n      addresses:\n        - 192.168.122.1\n        - 8.8.8.8\n",
            "pool": "default",
            "user_data": "#cloud-config\n\nhostname: k3s-worker-2\n\nfqdn: k3s-worker-2.homelab.local\n\nmanage_etc_hosts: true\n\nusers:\n\n  - name: andy\n\n    sudo: ALL=(ALL) NOPASSWD:ALL\n\n    groups: users, admin, sudo\n\n    shell: /bin/bash\n\n    lock_passwd: false\n\n    ssh_authorized_keys:\n\n      - ssh-rsa AAAAB3NzaC1yc2EAAAADAQABAAACAQDAr829iPcwUnVpz+DNIXdP0gYJGG0qbfzvgK9tkuCJjk9jBVr4egnZPSQhz5nQDb/JcsojwnP0eN5jNmVMWPjny8DGmefYlCbIDqd+WyayLV/Ztu9TscEJhrLGy5uDf3w6p+rZicq1NN9Th3pwEyXsTf9YKhBHHRB5+TqrCiSi13zp+G0JvXqPm62DCSKr2KGpy2hdJL+iLvRRth6s/M0f1gIF8ip5oimBmR9FqxgjoQSTDdzUycGSdZkxO48vxpMXmQKYagR9ko+C5P9ZfX7LQFqO47CwB/JiqJhDf3A0ulzzwADo5Zx73JYhVhJj71Hdenru79WLpzX1UKmtr0ZCXK+GeM5lH2kY2iTIcMGakZtzcnuImTBTcfkH3KQFNQvbGaUEml916KO+fO2ckTR7CTGpliMoi9REX5+sOFcsj1gqMWIV1IHpQUQf73WHkvwEtVzPZO9yvk72SSR/cCCrxPOzQhqome+SVhPurwFX2V7/N6IHiQnt2RgPJGYKAjyY8qKRS30QMmk/ftveCuSbndDFv+GnwFOLi+UyIWZ+qReIqLyiZnmfKc1yVUUs61IMvE8hV10aIKq/1E3lsQon1sMrHGK04j/Zrmg/3qKgwM26sGnLJYLJHknVyXfkfk5epEfDTXkGIt0vKcavoi/MHHTwstSftcilMRCWvE3q2w== homelab@ansible\n\n      - ssh-ed25519 AAAAC3NzaC1lZDI1NTE5AAAAILgMILWmBoGWja3vsjUJ1tcRPJg05IFWVuLdOLM77Dda gitlab-runner@ci-runner\n\npackage_update: true\n\npackage_upgrade: false\n\npackages:\n\n  - qemu-guest-agent\n\n  - curl\n\nruncmd:\n\n  - echo 'andy:ubuntu123' | chpasswd\n\n  - sed -i 's/PasswordAuthentication no/PasswordAuthentication yes/' /etc/ssh/sshd_config\n\n  - systemctl restart sshd\n\n  - systemctl enable qemu-guest-agent\n\n  - systemctl start qemu-guest-agent\n"
          },
          "sensitive_attributes": [],
          "identity_schema_version": 0,
          "private": "bnVsbA=="
        }
      ]
    },
    {
      "mode": "managed",
      "type": "libvirt_cloudinit_disk",
      "name": "infra",
      "provider": "provider[\"registry.terraform.io/dmacvicar/libvirt\"]",
      "instances": [
        {
          "index_key": 0,
          "schema_version": 0,
          "attributes": {
            "id": "/var/lib/libvirt/images/k3s-infra-cloudinit.iso;c2d3f9e5-534c-419c-acc2-caa009c6d293",
            "meta_data": "",
            "name": "k3s-infra-cloudinit.iso",
            "network_config": "version: 2\nethernets:\n  ens3:\n    dhcp4: false\n    addresses:\n      - 192.168.122.230/24\n    routes:\n      - to: default\n        via: 192.168.122.1\n    nameservers:\n      addresses:\n        - 192.168.122.1\n        - 8.8.8.8\n",
            "pool": "default",
            "user_data": "#cloud-config\n\nhostname: k3s-infra\n\nfqdn: k3s-infra.homelab.local\n\nmanage_etc_hosts: true\n\nusers:\n\n  - name: andy\n\n    sudo: ALL=(ALL) NOPASSWD:ALL\n\n    groups: users, admin, sudo\n\n    shell: /bin/bash\n\n    lock_passwd: false\n\n    ssh_authorized_keys:\n\n      - ssh-rsa AAAAB3NzaC1yc2EAAAADAQABAAACAQDAr829iPcwUnVpz+DNIXdP0gYJGG0qbfzvgK9tkuCJjk9jBVr4egnZPSQhz5nQDb/JcsojwnP0eN5jNmVMWPjny8DGmefYlCbIDqd+WyayLV/Ztu9TscEJhrLGy5uDf3w6p+rZicq1NN9Th3pwEyXsTf9YKhBHHRB5+TqrCiSi13zp+G0JvXqPm62DCSKr2KGpy2hdJL+iLvRRth6s/M0f1gIF8ip5oimBmR9FqxgjoQSTDdzUycGSdZkxO48vxpMXmQKYagR9ko+C5P9ZfX7LQFqO47CwB/JiqJhDf3A0ulzzwADo5Zx73JYhVhJj71Hdenru79WLpzX1UKmtr0ZCXK+GeM5lH2kY2iTIcMGakZtzcnuImTBTcfkH3KQFNQvbGaUEml916KO+fO2ckTR7CTGpliMoi9REX5+sOFcsj1gqMWIV1IHpQUQf73WHkvwEtVzPZO9yvk72SSR/cCCrxPOzQhqome+SVhPurwFX2V7/N6IHiQnt2RgPJGYKAjyY8qKRS30QMmk/ftveCuSbndDFv+GnwFOLi+UyIWZ+qReIqLyiZnmfKc1yVUUs61IMvE8hV10aIKq/1E3lsQon1sMrHGK04j/Zrmg/3qKgwM26sGnLJYLJHknVyXfkfk5epEfDTXkGIt0vKcavoi/MHHTwstSftcilMRCWvE3q2w== homelab@ansible\n\n      - ssh-ed25519 AAAAC3NzaC1lZDI1NTE5AAAAILgMILWmBoGWja3vsjUJ1tcRPJg05IFWVuLdOLM77Dda gitlab-runner@ci-runner\n\npackage_update: true\n\npackage_upgrade: false\n\npackages:\n\n  - qemu-guest-agent\n\n  - curl\n\nruncmd:\n\n  - echo 'andy:ubuntu123' | chpasswd\n\n  - sed -i 's/PasswordAuthentication no/PasswordAuthentication yes/' /etc/ssh/sshd_config\n\n  - systemctl restart sshd\n\n  - systemctl enable qemu-guest-agent\n\n  - systemctl start qemu-guest-agent\n"
          },
          "sensitive_attributes": [],
          "identity_schema_version": 0,
          "private": "bnVsbA=="
        }
      ]
    },
    {
      "mode": "managed",
      "type": "libvirt_domain",
      "name": "infra",
      "provider": "provider[\"registry.terraform.io/dmacvicar/libvirt\"]",
      "instances": [
        {
          "index_key": 0,
          "schema_version": 0,
          "attributes": {
            "arch": "x86_64",
            "autostart": false,
            "boot_device": [],
            "cloudinit": "/var/lib/libvirt/images/k3s-infra-cloudinit.iso;c2d3f9e5-534c-419c-acc2-caa009c6d293",
            "cmdline": null,
            "console": [
              {
                "source_host": "127.0.0.1",
                "source_path": "",
                "source_service": "0",
                "target_port": "0",
                "target_type": "serial",
                "type": "pty"
              }
            ],
            "coreos_ignition": null,
            "cpu": [
              {
                "mode": "custom"
              }
            ],
            "description": "",
            "disk": [
              {
                "block_device": "",
                "file": "",
                "scsi": false,
                "url": "",
                "volume_id": "/var/lib/libvirt/images/k3s-infra.qcow2",
                "wwn": ""
              }
            ],
            "emulator": "/usr/bin/qemu-system-x86_64",
            "filesystem": [],
            "firmware": null,
            "fw_cfg_name": "opt/com.coreos/config",
            "graphics": [
              {
                "autoport": true,
                "listen_address": "127.0.0.1",
                "listen_type": "address",
                "type": "spice",
                "websocket": 0
              }
            ],
            "id": "76810479-c25c-4b84-8865-35e1043bde91",
            "initrd": "",
            "kernel": "",
            "machine": "ubuntu",
            "memory": 3072,
            "metadata": null,
            "name": "k3s-infra",
            "network_interface": [
              {
                "addresses": [],
                "bridge": "",
                "hostname": "",
                "mac": "52:54:00:F6:31:AA",
                "macvtap": "",
                "network_id": "5ec85910-da56-4cd1-962a-cc510c57c813",
                "network_name": "default",
                "passthrough": "",
                "vepa": "",
                "wait_for_lease": false
              }
            ],
            "nvram": [],
            "qemu_agent": false,
            "running": true,
            "timeouts": null,
            "tpm": [],
            "type": "kvm",
            "vcpu": 2,
            "video": [],
            "xml": []
          },
          "sensitive_attributes": [],
          "identity_schema_version": 0,
          "private": "eyJlMmJmYjczMC1lY2FhLTExZTYtOGY4OC0zNDM2M2JjN2M0YzAiOnsiY3JlYXRlIjozMDAwMDAwMDAwMDB9fQ==",
          "dependencies": [
            "libvirt_cloudinit_disk.infra",
            "libvirt_volume.infra"
          ]
        }
      ]
    },
    {
      "mode": "managed",
      "type": "libvirt_domain",
      "name": "worker",
      "provider": "provider[\"registry.terraform.io/dmacvicar/libvirt\"]",
      "instances": [
        {
          "index_key": 0,
          "schema_version": 0,
          "attributes": {
            "arch": "x86_64",
            "autostart": false,
            "boot_device": [],
            "cloudinit": "/var/lib/libvirt/images/k3s-worker-2-cloudinit.iso;e681865e-5532-4961-9a22-1e03bf3ac650",
            "cmdline": [],
            "console": [
              {
                "source_host": "127.0.0.1",
                "source_path": "",
                "source_service": "0",
                "target_port": "0",
                "target_type": "serial",
                "type": "pty"
              }
            ],
            "coreos_ignition": null,
            "cpu": [
              {
                "mode": "custom"
              }
            ],
            "description": "",
            "disk": [
              {
                "block_device": "",
                "file": "",
                "scsi": false,
                "url": "",
                "volume_id": "/var/lib/libvirt/images/k3s-worker-2.qcow2",
                "wwn": ""
              }
            ],
            "emulator": "/usr/bin/qemu-system-x86_64",
            "filesystem": [],
            "firmware": null,
            "fw_cfg_name": "opt/com.coreos/config",
            "graphics": [
              {
                "autoport": true,
                "listen_address": "127.0.0.1",
                "listen_type": "address",
                "type": "spice",
                "websocket": 0
              }
            ],
            "id": "5440a263-69ed-413e-932b-60a333befec2",
            "initrd": "",
            "kernel": "",
            "machine": "ubuntu",
            "memory": 2048,
            "metadata": null,
            "name": "k3s-worker-2",
            "network_interface": [
              {
                "addresses": [],
                "bridge": "",
                "hostname": "",
                "mac": "52:54:00:62:97:AC",
                "macvtap": "",
                "network_id": "5ec85910-da56-4cd1-962a-cc510c57c813",
                "network_name": "default",
                "passthrough": "",
                "vepa": "",
                "wait_for_lease": false
              }
            ],
            "nvram": [],
            "qemu_agent": false,
            "running": true,
            "timeouts": null,
            "tpm": [],
            "type": "kvm",
            "vcpu": 2,
            "video": [],
            "xml": []
          },
          "sensitive_attributes": [],
          "identity_schema_version": 0,
          "private": "eyJlMmJmYjczMC1lY2FhLTExZTYtOGY4OC0zNDM2M2JjN2M0YzAiOnsiY3JlYXRlIjozMDAwMDAwMDAwMDB9fQ==",
          "dependencies": [
            "libvirt_cloudinit_disk.commoninit",
            "libvirt_volume.worker"
          ]
        }
      ]
    },
    {
      "mode": "managed",
      "type": "libvirt_volume",
      "name": "infra",
      "provider": "provider[\"registry.terraform.io/dmacvicar/libvirt\"]",
      "instances": [
        {
          "index_key": 0,
          "schema_version": 0,
          "attributes": {
            "base_volume_id": null,
            "base_volume_name": "ubuntu-cloud-base.qcow2",
            "base_volume_pool": "default",
            "format": "qcow2",
            "id": "/var/lib/libvirt/images/k3s-infra.qcow2",
            "name": "k3s-infra.qcow2",
            "pool": "default",
            "size": 32212254720,
            "source": null,
            "xml": []
          },
          "sensitive_attributes": [],
          "identity_schema_version": 0,
          "private": "bnVsbA=="
        }
      ]
    },
    {
      "mode": "managed",
      "type": "libvirt_volume",
      "name": "worker",
      "provider": "provider[\"registry.terraform.io/dmacvicar/libvirt\"]",
      "instances": [
        {
          "index_key": 0,
          "schema_version": 0,
          "attributes": {
            "base_volume_id": null,
            "base_volume_name": "ubuntu-cloud-base.qcow2",
            "base_volume_pool": "default",
            "format": "qcow2",
            "id": "/var/lib/libvirt/images/k3s-worker-2.qcow2",
            "name": "k3s-worker-2.qcow2",
            "pool": "default",
            "size": 21474836480,
            "source": null,
            "xml": []
          },
          "sensitive_attributes": [],
          "identity_schema_version": 0,
          "private": "bnVsbA=="
        }
      ]
    }
  ],
  "check_results": null
}
